
Microsoft Visual Studio Solution File, Format Version 12.00
# Visual Studio 15
VisualStudioVersion = 15.0.26730.3
MinimumVisualStudioVersion = 10.0.40219.1
Project("{FAE04EC0-301F-11D3-BF4B-00C04F79EFBC}") = "Simple_Text_Editor", "Simple_Text_Editor.csproj", "{B2ED378E-CA34-4312-A989-7686CE3D2F7F}"
EndProject
Global
	GlobalSection(SolutionConfigurationPlatforms) = preSolution
		Debug|x86 = Debug|x86
		Release|x86 = Release|x86
	EndGlobalSection
	GlobalSection(ProjectConfigurationPlatforms) = postSolution
		{B2ED378E-CA34-4312-A989-7686CE3D2F7F}.Debug|x86.ActiveCfg = Debug|x86
		{B2ED378E-CA34-4312-A989-7686CE3D2F7F}.Debug|x86.Build.0 = Debug|x86
		{B2ED378E-CA34-4312-A989-7686CE3D2F7F}.Release|x86.ActiveCfg = Release|x86
		{B2ED378E-CA34-4312-A989-7686CE3D2F7F}.Release|x86.Build.0 = Release|x86
	EndGlobalSection
	GlobalSection(SolutionProperties) = preSolution
		HideSolutionNode = FALSE
	EndGlobalSection
	GlobalSection(ExtensibilityGlobals) = postSolution
		SolutionGuid = {3937C12D-5BFF-4610-847B-1B5D5A0C04F2}
	EndGlobalSection
EndGlobal
